// !$*UTF8*$!
{
	archiveVersion = 1;
	classes = {
	};
	objectVersion = 48;
	objects = {

/* Begin PBXBuildFile section */
		46203346208AD14D0043E2CF /* UnitsPickerTableViewCell.swift in Sources */ = {isa = PBXBuildFile; fileRef = 46203345208AD14D0043E2CF /* UnitsPickerTableViewCell.swift */; };
		46203347208AD14D0043E2CF /* UnitsPickerTableViewCell.swift in Sources */ = {isa = PBXBuildFile; fileRef = 46203345208AD14D0043E2CF /* UnitsPickerTableViewCell.swift */; };
		46203348208AD14D0043E2CF /* UnitsPickerTableViewCell.swift in Sources */ = {isa = PBXBuildFile; fileRef = 46203345208AD14D0043E2CF /* UnitsPickerTableViewCell.swift */; };
		4637AE7620BA240400062C7A /* Isotope+CoreDataClass.swift in Sources */ = {isa = PBXBuildFile; fileRef = 464A374F20BA067400224730 /* Isotope+CoreDataClass.swift */; };
		4637AE7720BA240500062C7A /* Isotope+CoreDataClass.swift in Sources */ = {isa = PBXBuildFile; fileRef = 464A374F20BA067400224730 /* Isotope+CoreDataClass.swift */; };
		4637AE7820BA240800062C7A /* Isotope+CoreDataProperties.swift in Sources */ = {isa = PBXBuildFile; fileRef = 464A375020BA067400224730 /* Isotope+CoreDataProperties.swift */; };
		4637AE7920BA240800062C7A /* Isotope+CoreDataProperties.swift in Sources */ = {isa = PBXBuildFile; fileRef = 464A375020BA067400224730 /* Isotope+CoreDataProperties.swift */; };
		463EF93D20B7E4C600740BFC /* isotopesTest.json in Resources */ = {isa = PBXBuildFile; fileRef = 463EF93C20B7E4C600740BFC /* isotopesTest.json */; };
		463EF93F20B90D2700740BFC /* IsotopesViewModel.swift in Sources */ = {isa = PBXBuildFile; fileRef = 463EF93E20B90D2700740BFC /* IsotopesViewModel.swift */; };
		463EF94020B90D2700740BFC /* IsotopesViewModel.swift in Sources */ = {isa = PBXBuildFile; fileRef = 463EF93E20B90D2700740BFC /* IsotopesViewModel.swift */; };
		463EF94120B90D2700740BFC /* IsotopesViewModel.swift in Sources */ = {isa = PBXBuildFile; fileRef = 463EF93E20B90D2700740BFC /* IsotopesViewModel.swift */; };
		463EF95920B943EB00740BFC /* nuclides.json in Resources */ = {isa = PBXBuildFile; fileRef = 463EF95820B943EB00740BFC /* nuclides.json */; };
		464A375120BA067400224730 /* Isotope+CoreDataClass.swift in Sources */ = {isa = PBXBuildFile; fileRef = 464A374F20BA067400224730 /* Isotope+CoreDataClass.swift */; };
		464A375220BA067400224730 /* Isotope+CoreDataProperties.swift in Sources */ = {isa = PBXBuildFile; fileRef = 464A375020BA067400224730 /* Isotope+CoreDataProperties.swift */; };
		464DB0FC20A6A3C400EBE1BD /* DecayCalculatorViewModel.swift in Sources */ = {isa = PBXBuildFile; fileRef = 464DB0FB20A6A3C400EBE1BD /* DecayCalculatorViewModel.swift */; };
		464DB0FD20A6A3C400EBE1BD /* DecayCalculatorViewModel.swift in Sources */ = {isa = PBXBuildFile; fileRef = 464DB0FB20A6A3C400EBE1BD /* DecayCalculatorViewModel.swift */; };
		464DB0FE20A6A3C400EBE1BD /* DecayCalculatorViewModel.swift in Sources */ = {isa = PBXBuildFile; fileRef = 464DB0FB20A6A3C400EBE1BD /* DecayCalculatorViewModel.swift */; };
		464DB10020AFF87A00EBE1BD /* ClearTableViewCell.swift in Sources */ = {isa = PBXBuildFile; fileRef = 464DB0FF20AFF87A00EBE1BD /* ClearTableViewCell.swift */; };
		464DB10120AFF87A00EBE1BD /* ClearTableViewCell.swift in Sources */ = {isa = PBXBuildFile; fileRef = 464DB0FF20AFF87A00EBE1BD /* ClearTableViewCell.swift */; };
		464DB10220AFF87A00EBE1BD /* ClearTableViewCell.swift in Sources */ = {isa = PBXBuildFile; fileRef = 464DB0FF20AFF87A00EBE1BD /* ClearTableViewCell.swift */; };
		4661A686204BE0ED00F6D86F /* DatePickerTableViewCell.swift in Sources */ = {isa = PBXBuildFile; fileRef = 4661A685204BE0ED00F6D86F /* DatePickerTableViewCell.swift */; };
		4661A687204BE0ED00F6D86F /* DatePickerTableViewCell.swift in Sources */ = {isa = PBXBuildFile; fileRef = 4661A685204BE0ED00F6D86F /* DatePickerTableViewCell.swift */; };
		4661A688204BE0ED00F6D86F /* DatePickerTableViewCell.swift in Sources */ = {isa = PBXBuildFile; fileRef = 4661A685204BE0ED00F6D86F /* DatePickerTableViewCell.swift */; };
		4661A68A204BE10200F6D86F /* ParameterTableViewCell.swift in Sources */ = {isa = PBXBuildFile; fileRef = 4661A689204BE10200F6D86F /* ParameterTableViewCell.swift */; };
		4661A68B204BE10200F6D86F /* ParameterTableViewCell.swift in Sources */ = {isa = PBXBuildFile; fileRef = 4661A689204BE10200F6D86F /* ParameterTableViewCell.swift */; };
		4661A68C204BE10200F6D86F /* ParameterTableViewCell.swift in Sources */ = {isa = PBXBuildFile; fileRef = 4661A689204BE10200F6D86F /* ParameterTableViewCell.swift */; };
		466DB57B20B660D400C2609D /* IsotopeStorageManager.swift in Sources */ = {isa = PBXBuildFile; fileRef = 466DB57A20B660D400C2609D /* IsotopeStorageManager.swift */; };
		466DB57C20B660D400C2609D /* IsotopeStorageManager.swift in Sources */ = {isa = PBXBuildFile; fileRef = 466DB57A20B660D400C2609D /* IsotopeStorageManager.swift */; };
		466DB57D20B660D400C2609D /* IsotopeStorageManager.swift in Sources */ = {isa = PBXBuildFile; fileRef = 466DB57A20B660D400C2609D /* IsotopeStorageManager.swift */; };
		466DB57E20B6662800C2609D /* AppDelegate.swift in Sources */ = {isa = PBXBuildFile; fileRef = 46BE6B482039340400B07831 /* AppDelegate.swift */; };
		466DB57F20B6662900C2609D /* AppDelegate.swift in Sources */ = {isa = PBXBuildFile; fileRef = 46BE6B482039340400B07831 /* AppDelegate.swift */; };
		466DB58020B66E7A00C2609D /* DecayCorrect.xcdatamodeld in Sources */ = {isa = PBXBuildFile; fileRef = 46BE6B4F2039340400B07831 /* DecayCorrect.xcdatamodeld */; };
		466DB58120B66E7A00C2609D /* DecayCorrect.xcdatamodeld in Sources */ = {isa = PBXBuildFile; fileRef = 46BE6B4F2039340400B07831 /* DecayCorrect.xcdatamodeld */; };
		466DB58820B6720900C2609D /* DecayCorrect.xcdatamodeld in Sources */ = {isa = PBXBuildFile; fileRef = 46BE6B4F2039340400B07831 /* DecayCorrect.xcdatamodeld */; };
		466F777E2039562D00DF7702 /* DecayTableViewController.swift in Sources */ = {isa = PBXBuildFile; fileRef = 466F777D2039562D00DF7702 /* DecayTableViewController.swift */; };
		466F777F2039562D00DF7702 /* DecayTableViewController.swift in Sources */ = {isa = PBXBuildFile; fileRef = 466F777D2039562D00DF7702 /* DecayTableViewController.swift */; };
		466F77802039562D00DF7702 /* DecayTableViewController.swift in Sources */ = {isa = PBXBuildFile; fileRef = 466F777D2039562D00DF7702 /* DecayTableViewController.swift */; };
		466F77822039566400DF7702 /* Radioactivity.swift in Sources */ = {isa = PBXBuildFile; fileRef = 466F77812039566400DF7702 /* Radioactivity.swift */; };
		466F77832039566400DF7702 /* Radioactivity.swift in Sources */ = {isa = PBXBuildFile; fileRef = 466F77812039566400DF7702 /* Radioactivity.swift */; };
		466F77842039566400DF7702 /* Radioactivity.swift in Sources */ = {isa = PBXBuildFile; fileRef = 466F77812039566400DF7702 /* Radioactivity.swift */; };
		466F77862039568400DF7702 /* RadioactiveSubstance.swift in Sources */ = {isa = PBXBuildFile; fileRef = 466F77852039568400DF7702 /* RadioactiveSubstance.swift */; };
		466F77872039568400DF7702 /* RadioactiveSubstance.swift in Sources */ = {isa = PBXBuildFile; fileRef = 466F77852039568400DF7702 /* RadioactiveSubstance.swift */; };
		466F77882039568400DF7702 /* RadioactiveSubstance.swift in Sources */ = {isa = PBXBuildFile; fileRef = 466F77852039568400DF7702 /* RadioactiveSubstance.swift */; };
		466F778E203956CA00DF7702 /* RadioactivityUnit.swift in Sources */ = {isa = PBXBuildFile; fileRef = 466F778D203956CA00DF7702 /* RadioactivityUnit.swift */; };
		466F778F203956CA00DF7702 /* RadioactivityUnit.swift in Sources */ = {isa = PBXBuildFile; fileRef = 466F778D203956CA00DF7702 /* RadioactivityUnit.swift */; };
		466F7790203956CA00DF7702 /* RadioactivityUnit.swift in Sources */ = {isa = PBXBuildFile; fileRef = 466F778D203956CA00DF7702 /* RadioactivityUnit.swift */; };
		4681935D209C2931007EFEBA /* DecayCalculator.swift in Sources */ = {isa = PBXBuildFile; fileRef = 4681935C209C2931007EFEBA /* DecayCalculator.swift */; };
		4681935E209C2931007EFEBA /* DecayCalculator.swift in Sources */ = {isa = PBXBuildFile; fileRef = 4681935C209C2931007EFEBA /* DecayCalculator.swift */; };
		4681935F209C2931007EFEBA /* DecayCalculator.swift in Sources */ = {isa = PBXBuildFile; fileRef = 4681935C209C2931007EFEBA /* DecayCalculator.swift */; };
		46967D59209ADE6E0094968D /* IsotopeSelectionTableViewCell.swift in Sources */ = {isa = PBXBuildFile; fileRef = 46967D58209ADE6E0094968D /* IsotopeSelectionTableViewCell.swift */; };
		46967D5A209ADE6E0094968D /* IsotopeSelectionTableViewCell.swift in Sources */ = {isa = PBXBuildFile; fileRef = 46967D58209ADE6E0094968D /* IsotopeSelectionTableViewCell.swift */; };
		46967D5B209ADE6E0094968D /* IsotopeSelectionTableViewCell.swift in Sources */ = {isa = PBXBuildFile; fileRef = 46967D58209ADE6E0094968D /* IsotopeSelectionTableViewCell.swift */; };
		46967D5D209ADEC40094968D /* IsotopeSelectionTableViewController.swift in Sources */ = {isa = PBXBuildFile; fileRef = 46967D5C209ADEC40094968D /* IsotopeSelectionTableViewController.swift */; };
		46967D5E209ADEC40094968D /* IsotopeSelectionTableViewController.swift in Sources */ = {isa = PBXBuildFile; fileRef = 46967D5C209ADEC40094968D /* IsotopeSelectionTableViewController.swift */; };
		46967D5F209ADEC40094968D /* IsotopeSelectionTableViewController.swift in Sources */ = {isa = PBXBuildFile; fileRef = 46967D5C209ADEC40094968D /* IsotopeSelectionTableViewController.swift */; };
		46998FE0209EDC1A00CE2304 /* DecayTableViewItem.swift in Sources */ = {isa = PBXBuildFile; fileRef = 46998FDF209EDC1A00CE2304 /* DecayTableViewItem.swift */; };
		46998FE1209EDC1A00CE2304 /* DecayTableViewItem.swift in Sources */ = {isa = PBXBuildFile; fileRef = 46998FDF209EDC1A00CE2304 /* DecayTableViewItem.swift */; };
		46998FE2209EDC1A00CE2304 /* DecayTableViewItem.swift in Sources */ = {isa = PBXBuildFile; fileRef = 46998FDF209EDC1A00CE2304 /* DecayTableViewItem.swift */; };
		46BE6B492039340400B07831 /* AppDelegate.swift in Sources */ = {isa = PBXBuildFile; fileRef = 46BE6B482039340400B07831 /* AppDelegate.swift */; };
		46BE6B4E2039340400B07831 /* Main.storyboard in Resources */ = {isa = PBXBuildFile; fileRef = 46BE6B4C2039340400B07831 /* Main.storyboard */; };
		46BE6B532039340400B07831 /* Assets.xcassets in Resources */ = {isa = PBXBuildFile; fileRef = 46BE6B522039340400B07831 /* Assets.xcassets */; };
		46BE6B562039340400B07831 /* LaunchScreen.storyboard in Resources */ = {isa = PBXBuildFile; fileRef = 46BE6B542039340400B07831 /* LaunchScreen.storyboard */; };
		46BE6B612039340400B07831 /* DecayCorrectTests.swift in Sources */ = {isa = PBXBuildFile; fileRef = 46BE6B602039340400B07831 /* DecayCorrectTests.swift */; };
		46BE6B6C2039340400B07831 /* DecayCorrectUITests.swift in Sources */ = {isa = PBXBuildFile; fileRef = 46BE6B6B2039340400B07831 /* DecayCorrectUITests.swift */; };
/* End PBXBuildFile section */

/* Begin PBXContainerItemProxy section */
		46BE6B5D2039340400B07831 /* PBXContainerItemProxy */ = {
			isa = PBXContainerItemProxy;
			containerPortal = 46BE6B3D2039340400B07831 /* Project object */;
			proxyType = 1;
			remoteGlobalIDString = 46BE6B442039340400B07831;
			remoteInfo = DecayCorrect;
		};
		46BE6B682039340400B07831 /* PBXContainerItemProxy */ = {
			isa = PBXContainerItemProxy;
			containerPortal = 46BE6B3D2039340400B07831 /* Project object */;
			proxyType = 1;
			remoteGlobalIDString = 46BE6B442039340400B07831;
			remoteInfo = DecayCorrect;
		};
/* End PBXContainerItemProxy section */

/* Begin PBXFileReference section */
		46203345208AD14D0043E2CF /* UnitsPickerTableViewCell.swift */ = {isa = PBXFileReference; lastKnownFileType = sourcecode.swift; path = UnitsPickerTableViewCell.swift; sourceTree = "<group>"; };
		463EF93C20B7E4C600740BFC /* isotopesTest.json */ = {isa = PBXFileReference; lastKnownFileType = text.json; path = isotopesTest.json; sourceTree = "<group>"; };
		463EF93E20B90D2700740BFC /* IsotopesViewModel.swift */ = {isa = PBXFileReference; lastKnownFileType = sourcecode.swift; path = IsotopesViewModel.swift; sourceTree = "<group>"; };
		463EF95820B943EB00740BFC /* nuclides.json */ = {isa = PBXFileReference; fileEncoding = 4; lastKnownFileType = text.json; path = nuclides.json; sourceTree = "<group>"; };
		464A374F20BA067400224730 /* Isotope+CoreDataClass.swift */ = {isa = PBXFileReference; lastKnownFileType = sourcecode.swift; path = "Isotope+CoreDataClass.swift"; sourceTree = "<group>"; };
		464A375020BA067400224730 /* Isotope+CoreDataProperties.swift */ = {isa = PBXFileReference; lastKnownFileType = sourcecode.swift; path = "Isotope+CoreDataProperties.swift"; sourceTree = "<group>"; };
		464DB0FB20A6A3C400EBE1BD /* DecayCalculatorViewModel.swift */ = {isa = PBXFileReference; lastKnownFileType = sourcecode.swift; path = DecayCalculatorViewModel.swift; sourceTree = "<group>"; };
		464DB0FF20AFF87A00EBE1BD /* ClearTableViewCell.swift */ = {isa = PBXFileReference; lastKnownFileType = sourcecode.swift; path = ClearTableViewCell.swift; sourceTree = "<group>"; };
		4661A685204BE0ED00F6D86F /* DatePickerTableViewCell.swift */ = {isa = PBXFileReference; lastKnownFileType = sourcecode.swift; path = DatePickerTableViewCell.swift; sourceTree = "<group>"; };
		4661A689204BE10200F6D86F /* ParameterTableViewCell.swift */ = {isa = PBXFileReference; lastKnownFileType = sourcecode.swift; path = ParameterTableViewCell.swift; sourceTree = "<group>"; };
		466DB57A20B660D400C2609D /* IsotopeStorageManager.swift */ = {isa = PBXFileReference; lastKnownFileType = sourcecode.swift; path = IsotopeStorageManager.swift; sourceTree = "<group>"; };
		466F777D2039562D00DF7702 /* DecayTableViewController.swift */ = {isa = PBXFileReference; lastKnownFileType = sourcecode.swift; path = DecayTableViewController.swift; sourceTree = "<group>"; };
		466F77812039566400DF7702 /* Radioactivity.swift */ = {isa = PBXFileReference; lastKnownFileType = sourcecode.swift; path = Radioactivity.swift; sourceTree = "<group>"; };
		466F77852039568400DF7702 /* RadioactiveSubstance.swift */ = {isa = PBXFileReference; lastKnownFileType = sourcecode.swift; path = RadioactiveSubstance.swift; sourceTree = "<group>"; };
		466F778D203956CA00DF7702 /* RadioactivityUnit.swift */ = {isa = PBXFileReference; lastKnownFileType = sourcecode.swift; path = RadioactivityUnit.swift; sourceTree = "<group>"; };
		4681935C209C2931007EFEBA /* DecayCalculator.swift */ = {isa = PBXFileReference; lastKnownFileType = sourcecode.swift; path = DecayCalculator.swift; sourceTree = "<group>"; };
		46967D58209ADE6E0094968D /* IsotopeSelectionTableViewCell.swift */ = {isa = PBXFileReference; lastKnownFileType = sourcecode.swift; path = IsotopeSelectionTableViewCell.swift; sourceTree = "<group>"; };
		46967D5C209ADEC40094968D /* IsotopeSelectionTableViewController.swift */ = {isa = PBXFileReference; lastKnownFileType = sourcecode.swift; path = IsotopeSelectionTableViewController.swift; sourceTree = "<group>"; };
		46998FDF209EDC1A00CE2304 /* DecayTableViewItem.swift */ = {isa = PBXFileReference; lastKnownFileType = sourcecode.swift; path = DecayTableViewItem.swift; sourceTree = "<group>"; };
		46BE6B452039340400B07831 /* DecayCorrect.app */ = {isa = PBXFileReference; explicitFileType = wrapper.application; includeInIndex = 0; path = DecayCorrect.app; sourceTree = BUILT_PRODUCTS_DIR; };
		46BE6B482039340400B07831 /* AppDelegate.swift */ = {isa = PBXFileReference; lastKnownFileType = sourcecode.swift; path = AppDelegate.swift; sourceTree = "<group>"; };
		46BE6B4D2039340400B07831 /* Base */ = {isa = PBXFileReference; lastKnownFileType = file.storyboard; name = Base; path = Base.lproj/Main.storyboard; sourceTree = "<group>"; };
		46BE6B502039340400B07831 /* DecayCorrect.xcdatamodel */ = {isa = PBXFileReference; lastKnownFileType = wrapper.xcdatamodel; path = DecayCorrect.xcdatamodel; sourceTree = "<group>"; };
		46BE6B522039340400B07831 /* Assets.xcassets */ = {isa = PBXFileReference; lastKnownFileType = folder.assetcatalog; path = Assets.xcassets; sourceTree = "<group>"; };
		46BE6B552039340400B07831 /* Base */ = {isa = PBXFileReference; lastKnownFileType = file.storyboard; name = Base; path = Base.lproj/LaunchScreen.storyboard; sourceTree = "<group>"; };
		46BE6B572039340400B07831 /* Info.plist */ = {isa = PBXFileReference; lastKnownFileType = text.plist.xml; path = Info.plist; sourceTree = "<group>"; };
		46BE6B5C2039340400B07831 /* DecayCorrectTests.xctest */ = {isa = PBXFileReference; explicitFileType = wrapper.cfbundle; includeInIndex = 0; path = DecayCorrectTests.xctest; sourceTree = BUILT_PRODUCTS_DIR; };
		46BE6B602039340400B07831 /* DecayCorrectTests.swift */ = {isa = PBXFileReference; lastKnownFileType = sourcecode.swift; path = DecayCorrectTests.swift; sourceTree = "<group>"; };
		46BE6B622039340400B07831 /* Info.plist */ = {isa = PBXFileReference; lastKnownFileType = text.plist.xml; path = Info.plist; sourceTree = "<group>"; };
		46BE6B672039340400B07831 /* DecayCorrectUITests.xctest */ = {isa = PBXFileReference; explicitFileType = wrapper.cfbundle; includeInIndex = 0; path = DecayCorrectUITests.xctest; sourceTree = BUILT_PRODUCTS_DIR; };
		46BE6B6B2039340400B07831 /* DecayCorrectUITests.swift */ = {isa = PBXFileReference; lastKnownFileType = sourcecode.swift; path = DecayCorrectUITests.swift; sourceTree = "<group>"; };
		46BE6B6D2039340400B07831 /* Info.plist */ = {isa = PBXFileReference; lastKnownFileType = text.plist.xml; path = Info.plist; sourceTree = "<group>"; };
/* End PBXFileReference section */

/* Begin PBXFrameworksBuildPhase section */
		46BE6B422039340400B07831 /* Frameworks */ = {
			isa = PBXFrameworksBuildPhase;
			buildActionMask = 2147483647;
			files = (
			);
			runOnlyForDeploymentPostprocessing = 0;
		};
		46BE6B592039340400B07831 /* Frameworks */ = {
			isa = PBXFrameworksBuildPhase;
			buildActionMask = 2147483647;
			files = (
			);
			runOnlyForDeploymentPostprocessing = 0;
		};
		46BE6B642039340400B07831 /* Frameworks */ = {
			isa = PBXFrameworksBuildPhase;
			buildActionMask = 2147483647;
			files = (
			);
			runOnlyForDeploymentPostprocessing = 0;
		};
/* End PBXFrameworksBuildPhase section */

/* Begin PBXGroup section */
		46457F2820A2C0080091E3A5 /* Model */ = {
			isa = PBXGroup;
			children = (
				466F77812039566400DF7702 /* Radioactivity.swift */,
				4681935C209C2931007EFEBA /* DecayCalculator.swift */,
				466F77852039568400DF7702 /* RadioactiveSubstance.swift */,
				466F778D203956CA00DF7702 /* RadioactivityUnit.swift */,
			);
			path = Model;
			sourceTree = "<group>";
		};
		46457F2920A2C0170091E3A5 /* View Model */ = {
			isa = PBXGroup;
			children = (
				46998FDF209EDC1A00CE2304 /* DecayTableViewItem.swift */,
				464DB0FB20A6A3C400EBE1BD /* DecayCalculatorViewModel.swift */,
				463EF93E20B90D2700740BFC /* IsotopesViewModel.swift */,
			);
			path = "View Model";
			sourceTree = "<group>";
		};
		46457F2A20A2C02B0091E3A5 /* View */ = {
			isa = PBXGroup;
			children = (
				4661A685204BE0ED00F6D86F /* DatePickerTableViewCell.swift */,
				46203345208AD14D0043E2CF /* UnitsPickerTableViewCell.swift */,
				4661A689204BE10200F6D86F /* ParameterTableViewCell.swift */,
				46967D58209ADE6E0094968D /* IsotopeSelectionTableViewCell.swift */,
				464DB0FF20AFF87A00EBE1BD /* ClearTableViewCell.swift */,
			);
			path = View;
			sourceTree = "<group>";
		};
		46457F2B20A2C0340091E3A5 /* Controller */ = {
			isa = PBXGroup;
			children = (
				466F777D2039562D00DF7702 /* DecayTableViewController.swift */,
				46967D5C209ADEC40094968D /* IsotopeSelectionTableViewController.swift */,
			);
			path = Controller;
			sourceTree = "<group>";
		};
		466DB57920B660A400C2609D /* Database */ = {
			isa = PBXGroup;
			children = (
				464A374F20BA067400224730 /* Isotope+CoreDataClass.swift */,
				464A375020BA067400224730 /* Isotope+CoreDataProperties.swift */,
				463EF95820B943EB00740BFC /* nuclides.json */,
				466DB57A20B660D400C2609D /* IsotopeStorageManager.swift */,
			);
			path = Database;
			sourceTree = "<group>";
		};
		46BE6B3C2039340400B07831 = {
			isa = PBXGroup;
			children = (
				46BE6B472039340400B07831 /* DecayCorrect */,
				46BE6B5F2039340400B07831 /* DecayCorrectTests */,
				46BE6B6A2039340400B07831 /* DecayCorrectUITests */,
				46BE6B462039340400B07831 /* Products */,
			);
			sourceTree = "<group>";
		};
		46BE6B462039340400B07831 /* Products */ = {
			isa = PBXGroup;
			children = (
				46BE6B452039340400B07831 /* DecayCorrect.app */,
				46BE6B5C2039340400B07831 /* DecayCorrectTests.xctest */,
				46BE6B672039340400B07831 /* DecayCorrectUITests.xctest */,
			);
			name = Products;
			sourceTree = "<group>";
		};
		46BE6B472039340400B07831 /* DecayCorrect */ = {
			isa = PBXGroup;
			children = (
				466DB57920B660A400C2609D /* Database */,
				46457F2B20A2C0340091E3A5 /* Controller */,
				46457F2A20A2C02B0091E3A5 /* View */,
				46457F2920A2C0170091E3A5 /* View Model */,
				46457F2820A2C0080091E3A5 /* Model */,
				46BE6B482039340400B07831 /* AppDelegate.swift */,
				46BE6B4C2039340400B07831 /* Main.storyboard */,
				46BE6B522039340400B07831 /* Assets.xcassets */,
				46BE6B542039340400B07831 /* LaunchScreen.storyboard */,
				46BE6B572039340400B07831 /* Info.plist */,
				46BE6B4F2039340400B07831 /* DecayCorrect.xcdatamodeld */,
			);
			path = DecayCorrect;
			sourceTree = "<group>";
		};
		46BE6B5F2039340400B07831 /* DecayCorrectTests */ = {
			isa = PBXGroup;
			children = (
				46BE6B602039340400B07831 /* DecayCorrectTests.swift */,
				46BE6B622039340400B07831 /* Info.plist */,
				463EF93C20B7E4C600740BFC /* isotopesTest.json */,
			);
			path = DecayCorrectTests;
			sourceTree = "<group>";
		};
		46BE6B6A2039340400B07831 /* DecayCorrectUITests */ = {
			isa = PBXGroup;
			children = (
				46BE6B6B2039340400B07831 /* DecayCorrectUITests.swift */,
				46BE6B6D2039340400B07831 /* Info.plist */,
			);
			path = DecayCorrectUITests;
			sourceTree = "<group>";
		};
/* End PBXGroup section */

/* Begin PBXNativeTarget section */
		46BE6B442039340400B07831 /* DecayCorrect */ = {
			isa = PBXNativeTarget;
			buildConfigurationList = 46BE6B702039340400B07831 /* Build configuration list for PBXNativeTarget "DecayCorrect" */;
			buildPhases = (
				46BE6B412039340400B07831 /* Sources */,
				46BE6B422039340400B07831 /* Frameworks */,
				46BE6B432039340400B07831 /* Resources */,
			);
			buildRules = (
			);
			dependencies = (
			);
			name = DecayCorrect;
			productName = DecayCorrect;
			productReference = 46BE6B452039340400B07831 /* DecayCorrect.app */;
			productType = "com.apple.product-type.application";
		};
		46BE6B5B2039340400B07831 /* DecayCorrectTests */ = {
			isa = PBXNativeTarget;
			buildConfigurationList = 46BE6B732039340400B07831 /* Build configuration list for PBXNativeTarget "DecayCorrectTests" */;
			buildPhases = (
				46BE6B582039340400B07831 /* Sources */,
				46BE6B592039340400B07831 /* Frameworks */,
				46BE6B5A2039340400B07831 /* Resources */,
			);
			buildRules = (
			);
			dependencies = (
				46BE6B5E2039340400B07831 /* PBXTargetDependency */,
			);
			name = DecayCorrectTests;
			productName = DecayCorrectTests;
			productReference = 46BE6B5C2039340400B07831 /* DecayCorrectTests.xctest */;
			productType = "com.apple.product-type.bundle.unit-test";
		};
		46BE6B662039340400B07831 /* DecayCorrectUITests */ = {
			isa = PBXNativeTarget;
			buildConfigurationList = 46BE6B762039340400B07831 /* Build configuration list for PBXNativeTarget "DecayCorrectUITests" */;
			buildPhases = (
				46BE6B632039340400B07831 /* Sources */,
				46BE6B642039340400B07831 /* Frameworks */,
				46BE6B652039340400B07831 /* Resources */,
			);
			buildRules = (
			);
			dependencies = (
				46BE6B692039340400B07831 /* PBXTargetDependency */,
			);
			name = DecayCorrectUITests;
			productName = DecayCorrectUITests;
			productReference = 46BE6B672039340400B07831 /* DecayCorrectUITests.xctest */;
			productType = "com.apple.product-type.bundle.ui-testing";
		};
/* End PBXNativeTarget section */

/* Begin PBXProject section */
		46BE6B3D2039340400B07831 /* Project object */ = {
			isa = PBXProject;
			attributes = {
				LastSwiftUpdateCheck = 0920;
				LastUpgradeCheck = 0930;
				ORGANIZATIONNAME = "Guillaume Langlois";
				TargetAttributes = {
					46BE6B442039340400B07831 = {
						CreatedOnToolsVersion = 9.2;
						ProvisioningStyle = Automatic;
					};
					46BE6B5B2039340400B07831 = {
						CreatedOnToolsVersion = 9.2;
						ProvisioningStyle = Automatic;
						TestTargetID = 46BE6B442039340400B07831;
					};
					46BE6B662039340400B07831 = {
						CreatedOnToolsVersion = 9.2;
						ProvisioningStyle = Automatic;
						TestTargetID = 46BE6B442039340400B07831;
					};
				};
			};
			buildConfigurationList = 46BE6B402039340400B07831 /* Build configuration list for PBXProject "DecayCorrect" */;
			compatibilityVersion = "Xcode 8.0";
			developmentRegion = en;
			hasScannedForEncodings = 0;
			knownRegions = (
				en,
				Base,
			);
			mainGroup = 46BE6B3C2039340400B07831;
			productRefGroup = 46BE6B462039340400B07831 /* Products */;
			projectDirPath = "";
			projectRoot = "";
			targets = (
				46BE6B442039340400B07831 /* DecayCorrect */,
				46BE6B5B2039340400B07831 /* DecayCorrectTests */,
				46BE6B662039340400B07831 /* DecayCorrectUITests */,
			);
		};
/* End PBXProject section */

/* Begin PBXResourcesBuildPhase section */
		46BE6B432039340400B07831 /* Resources */ = {
			isa = PBXResourcesBuildPhase;
			buildActionMask = 2147483647;
			files = (
				463EF95920B943EB00740BFC /* nuclides.json in Resources */,
				46BE6B562039340400B07831 /* LaunchScreen.storyboard in Resources */,
				46BE6B532039340400B07831 /* Assets.xcassets in Resources */,
				46BE6B4E2039340400B07831 /* Main.storyboard in Resources */,
			);
			runOnlyForDeploymentPostprocessing = 0;
		};
		46BE6B5A2039340400B07831 /* Resources */ = {
			isa = PBXResourcesBuildPhase;
			buildActionMask = 2147483647;
			files = (
				463EF93D20B7E4C600740BFC /* isotopesTest.json in Resources */,
			);
			runOnlyForDeploymentPostprocessing = 0;
		};
		46BE6B652039340400B07831 /* Resources */ = {
			isa = PBXResourcesBuildPhase;
			buildActionMask = 2147483647;
			files = (
			);
			runOnlyForDeploymentPostprocessing = 0;
		};
/* End PBXResourcesBuildPhase section */

/* Begin PBXSourcesBuildPhase section */
		46BE6B412039340400B07831 /* Sources */ = {
			isa = PBXSourcesBuildPhase;
			buildActionMask = 2147483647;
			files = (
				46BE6B492039340400B07831 /* AppDelegate.swift in Sources */,
				46967D59209ADE6E0094968D /* IsotopeSelectionTableViewCell.swift in Sources */,
				464A375220BA067400224730 /* Isotope+CoreDataProperties.swift in Sources */,
				466DB58820B6720900C2609D /* DecayCorrect.xcdatamodeld in Sources */,
				46203346208AD14D0043E2CF /* UnitsPickerTableViewCell.swift in Sources */,
				464DB0FC20A6A3C400EBE1BD /* DecayCalculatorViewModel.swift in Sources */,
				466DB57B20B660D400C2609D /* IsotopeStorageManager.swift in Sources */,
				466F778E203956CA00DF7702 /* RadioactivityUnit.swift in Sources */,
				463EF93F20B90D2700740BFC /* IsotopesViewModel.swift in Sources */,
				464A375120BA067400224730 /* Isotope+CoreDataClass.swift in Sources */,
				466F777E2039562D00DF7702 /* DecayTableViewController.swift in Sources */,
				4661A68A204BE10200F6D86F /* ParameterTableViewCell.swift in Sources */,
				466F77822039566400DF7702 /* Radioactivity.swift in Sources */,
				46967D5D209ADEC40094968D /* IsotopeSelectionTableViewController.swift in Sources */,
				46998FE0209EDC1A00CE2304 /* DecayTableViewItem.swift in Sources */,
				4681935D209C2931007EFEBA /* DecayCalculator.swift in Sources */,
				464DB10020AFF87A00EBE1BD /* ClearTableViewCell.swift in Sources */,
				466F77862039568400DF7702 /* RadioactiveSubstance.swift in Sources */,
				4661A686204BE0ED00F6D86F /* DatePickerTableViewCell.swift in Sources */,
			);
			runOnlyForDeploymentPostprocessing = 0;
		};
		46BE6B582039340400B07831 /* Sources */ = {
			isa = PBXSourcesBuildPhase;
			buildActionMask = 2147483647;
			files = (
				466F778F203956CA00DF7702 /* RadioactivityUnit.swift in Sources */,
				466F77832039566400DF7702 /* Radioactivity.swift in Sources */,
				4637AE7820BA240800062C7A /* Isotope+CoreDataProperties.swift in Sources */,
				46967D5A209ADE6E0094968D /* IsotopeSelectionTableViewCell.swift in Sources */,
				464DB0FD20A6A3C400EBE1BD /* DecayCalculatorViewModel.swift in Sources */,
				466F777F2039562D00DF7702 /* DecayTableViewController.swift in Sources */,
				466DB58020B66E7A00C2609D /* DecayCorrect.xcdatamodeld in Sources */,
				4661A68B204BE10200F6D86F /* ParameterTableViewCell.swift in Sources */,
				464DB10120AFF87A00EBE1BD /* ClearTableViewCell.swift in Sources */,
				463EF94020B90D2700740BFC /* IsotopesViewModel.swift in Sources */,
				4637AE7620BA240400062C7A /* Isotope+CoreDataClass.swift in Sources */,
				466DB57C20B660D400C2609D /* IsotopeStorageManager.swift in Sources */,
				46998FE1209EDC1A00CE2304 /* DecayTableViewItem.swift in Sources */,
				46203347208AD14D0043E2CF /* UnitsPickerTableViewCell.swift in Sources */,
				466F77872039568400DF7702 /* RadioactiveSubstance.swift in Sources */,
				46967D5E209ADEC40094968D /* IsotopeSelectionTableViewController.swift in Sources */,
				4661A687204BE0ED00F6D86F /* DatePickerTableViewCell.swift in Sources */,
				46BE6B612039340400B07831 /* DecayCorrectTests.swift in Sources */,
				466DB57E20B6662800C2609D /* AppDelegate.swift in Sources */,
				4681935E209C2931007EFEBA /* DecayCalculator.swift in Sources */,
			);
			runOnlyForDeploymentPostprocessing = 0;
		};
		46BE6B632039340400B07831 /* Sources */ = {
			isa = PBXSourcesBuildPhase;
			buildActionMask = 2147483647;
			files = (
				466F7790203956CA00DF7702 /* RadioactivityUnit.swift in Sources */,
				466F77842039566400DF7702 /* Radioactivity.swift in Sources */,
				4637AE7920BA240800062C7A /* Isotope+CoreDataProperties.swift in Sources */,
				46967D5B209ADE6E0094968D /* IsotopeSelectionTableViewCell.swift in Sources */,
				464DB0FE20A6A3C400EBE1BD /* DecayCalculatorViewModel.swift in Sources */,
				466F77802039562D00DF7702 /* DecayTableViewController.swift in Sources */,
				466DB58120B66E7A00C2609D /* DecayCorrect.xcdatamodeld in Sources */,
				4661A68C204BE10200F6D86F /* ParameterTableViewCell.swift in Sources */,
				464DB10220AFF87A00EBE1BD /* ClearTableViewCell.swift in Sources */,
				463EF94120B90D2700740BFC /* IsotopesViewModel.swift in Sources */,
				4637AE7720BA240500062C7A /* Isotope+CoreDataClass.swift in Sources */,
				466DB57D20B660D400C2609D /* IsotopeStorageManager.swift in Sources */,
				46998FE2209EDC1A00CE2304 /* DecayTableViewItem.swift in Sources */,
				46203348208AD14D0043E2CF /* UnitsPickerTableViewCell.swift in Sources */,
				466F77882039568400DF7702 /* RadioactiveSubstance.swift in Sources */,
				46967D5F209ADEC40094968D /* IsotopeSelectionTableViewController.swift in Sources */,
				4661A688204BE0ED00F6D86F /* DatePickerTableViewCell.swift in Sources */,
				46BE6B6C2039340400B07831 /* DecayCorrectUITests.swift in Sources */,
				466DB57F20B6662900C2609D /* AppDelegate.swift in Sources */,
				4681935F209C2931007EFEBA /* DecayCalculator.swift in Sources */,
			);
			runOnlyForDeploymentPostprocessing = 0;
		};
/* End PBXSourcesBuildPhase section */

/* Begin PBXTargetDependency section */
		46BE6B5E2039340400B07831 /* PBXTargetDependency */ = {
			isa = PBXTargetDependency;
			target = 46BE6B442039340400B07831 /* DecayCorrect */;
			targetProxy = 46BE6B5D2039340400B07831 /* PBXContainerItemProxy */;
		};
		46BE6B692039340400B07831 /* PBXTargetDependency */ = {
			isa = PBXTargetDependency;
			target = 46BE6B442039340400B07831 /* DecayCorrect */;
			targetProxy = 46BE6B682039340400B07831 /* PBXContainerItemProxy */;
		};
/* End PBXTargetDependency section */

/* Begin PBXVariantGroup section */
		46BE6B4C2039340400B07831 /* Main.storyboard */ = {
			isa = PBXVariantGroup;
			children = (
				46BE6B4D2039340400B07831 /* Base */,
			);
			name = Main.storyboard;
			sourceTree = "<group>";
		};
		46BE6B542039340400B07831 /* LaunchScreen.storyboard */ = {
			isa = PBXVariantGroup;
			children = (
				46BE6B552039340400B07831 /* Base */,
			);
			name = LaunchScreen.storyboard;
			sourceTree = "<group>";
		};
/* End PBXVariantGroup section */

/* Begin XCBuildConfiguration section */
		46BE6B6E2039340400B07831 /* Debug */ = {
			isa = XCBuildConfiguration;
			buildSettings = {
				ALWAYS_SEARCH_USER_PATHS = NO;
				CLANG_ANALYZER_NONNULL = YES;
				CLANG_ANALYZER_NUMBER_OBJECT_CONVERSION = YES_AGGRESSIVE;
				CLANG_CXX_LANGUAGE_STANDARD = "gnu++14";
				CLANG_CXX_LIBRARY = "libc++";
				CLANG_ENABLE_MODULES = YES;
				CLANG_ENABLE_OBJC_ARC = YES;
				CLANG_WARN_BLOCK_CAPTURE_AUTORELEASING = YES;
				CLANG_WARN_BOOL_CONVERSION = YES;
				CLANG_WARN_COMMA = YES;
				CLANG_WARN_CONSTANT_CONVERSION = YES;
				CLANG_WARN_DEPRECATED_OBJC_IMPLEMENTATIONS = YES;
				CLANG_WARN_DIRECT_OBJC_ISA_USAGE = YES_ERROR;
				CLANG_WARN_DOCUMENTATION_COMMENTS = YES;
				CLANG_WARN_EMPTY_BODY = YES;
				CLANG_WARN_ENUM_CONVERSION = YES;
				CLANG_WARN_INFINITE_RECURSION = YES;
				CLANG_WARN_INT_CONVERSION = YES;
				CLANG_WARN_NON_LITERAL_NULL_CONVERSION = YES;
				CLANG_WARN_OBJC_IMPLICIT_RETAIN_SELF = YES;
				CLANG_WARN_OBJC_LITERAL_CONVERSION = YES;
				CLANG_WARN_OBJC_ROOT_CLASS = YES_ERROR;
				CLANG_WARN_RANGE_LOOP_ANALYSIS = YES;
				CLANG_WARN_STRICT_PROTOTYPES = YES;
				CLANG_WARN_SUSPICIOUS_MOVE = YES;
				CLANG_WARN_UNGUARDED_AVAILABILITY = YES_AGGRESSIVE;
				CLANG_WARN_UNREACHABLE_CODE = YES;
				CLANG_WARN__DUPLICATE_METHOD_MATCH = YES;
				CODE_SIGN_IDENTITY = "iPhone Developer";
				COPY_PHASE_STRIP = NO;
				DEBUG_INFORMATION_FORMAT = dwarf;
				ENABLE_STRICT_OBJC_MSGSEND = YES;
				ENABLE_TESTABILITY = YES;
				GCC_C_LANGUAGE_STANDARD = gnu11;
				GCC_DYNAMIC_NO_PIC = NO;
				GCC_NO_COMMON_BLOCKS = YES;
				GCC_OPTIMIZATION_LEVEL = 0;
				GCC_PREPROCESSOR_DEFINITIONS = (
					"DEBUG=1",
					"$(inherited)",
				);
				GCC_WARN_64_TO_32_BIT_CONVERSION = YES;
				GCC_WARN_ABOUT_RETURN_TYPE = YES_ERROR;
				GCC_WARN_UNDECLARED_SELECTOR = YES;
				GCC_WARN_UNINITIALIZED_AUTOS = YES_AGGRESSIVE;
				GCC_WARN_UNUSED_FUNCTION = YES;
				GCC_WARN_UNUSED_VARIABLE = YES;
				IPHONEOS_DEPLOYMENT_TARGET = 11.2;
				MTL_ENABLE_DEBUG_INFO = YES;
				ONLY_ACTIVE_ARCH = YES;
				SDKROOT = iphoneos;
				SWIFT_ACTIVE_COMPILATION_CONDITIONS = DEBUG;
				SWIFT_OPTIMIZATION_LEVEL = "-Onone";
			};
			name = Debug;
		};
		46BE6B6F2039340400B07831 /* Release */ = {
			isa = XCBuildConfiguration;
			buildSettings = {
				ALWAYS_SEARCH_USER_PATHS = NO;
				CLANG_ANALYZER_NONNULL = YES;
				CLANG_ANALYZER_NUMBER_OBJECT_CONVERSION = YES_AGGRESSIVE;
				CLANG_CXX_LANGUAGE_STANDARD = "gnu++14";
				CLANG_CXX_LIBRARY = "libc++";
				CLANG_ENABLE_MODULES = YES;
				CLANG_ENABLE_OBJC_ARC = YES;
				CLANG_WARN_BLOCK_CAPTURE_AUTORELEASING = YES;
				CLANG_WARN_BOOL_CONVERSION = YES;
				CLANG_WARN_COMMA = YES;
				CLANG_WARN_CONSTANT_CONVERSION = YES;
				CLANG_WARN_DEPRECATED_OBJC_IMPLEMENTATIONS = YES;
				CLANG_WARN_DIRECT_OBJC_ISA_USAGE = YES_ERROR;
				CLANG_WARN_DOCUMENTATION_COMMENTS = YES;
				CLANG_WARN_EMPTY_BODY = YES;
				CLANG_WARN_ENUM_CONVERSION = YES;
				CLANG_WARN_INFINITE_RECURSION = YES;
				CLANG_WARN_INT_CONVERSION = YES;
				CLANG_WARN_NON_LITERAL_NULL_CONVERSION = YES;
				CLANG_WARN_OBJC_IMPLICIT_RETAIN_SELF = YES;
				CLANG_WARN_OBJC_LITERAL_CONVERSION = YES;
				CLANG_WARN_OBJC_ROOT_CLASS = YES_ERROR;
				CLANG_WARN_RANGE_LOOP_ANALYSIS = YES;
				CLANG_WARN_STRICT_PROTOTYPES = YES;
				CLANG_WARN_SUSPICIOUS_MOVE = YES;
				CLANG_WARN_UNGUARDED_AVAILABILITY = YES_AGGRESSIVE;
				CLANG_WARN_UNREACHABLE_CODE = YES;
				CLANG_WARN__DUPLICATE_METHOD_MATCH = YES;
				CODE_SIGN_IDENTITY = "iPhone Developer";
				COPY_PHASE_STRIP = NO;
				DEBUG_INFORMATION_FORMAT = "dwarf-with-dsym";
				ENABLE_NS_ASSERTIONS = NO;
				ENABLE_STRICT_OBJC_MSGSEND = YES;
				GCC_C_LANGUAGE_STANDARD = gnu11;
				GCC_NO_COMMON_BLOCKS = YES;
				GCC_WARN_64_TO_32_BIT_CONVERSION = YES;
				GCC_WARN_ABOUT_RETURN_TYPE = YES_ERROR;
				GCC_WARN_UNDECLARED_SELECTOR = YES;
				GCC_WARN_UNINITIALIZED_AUTOS = YES_AGGRESSIVE;
				GCC_WARN_UNUSED_FUNCTION = YES;
				GCC_WARN_UNUSED_VARIABLE = YES;
				IPHONEOS_DEPLOYMENT_TARGET = 11.2;
				MTL_ENABLE_DEBUG_INFO = NO;
				SDKROOT = iphoneos;
				SWIFT_OPTIMIZATION_LEVEL = "-Owholemodule";
				VALIDATE_PRODUCT = YES;
			};
			name = Release;
		};
		46BE6B712039340400B07831 /* Debug */ = {
			isa = XCBuildConfiguration;
			buildSettings = {
				ASSETCATALOG_COMPILER_APPICON_NAME = AppIcon;
				CODE_SIGN_STYLE = Automatic;
				DEVELOPMENT_TEAM = 552BPGBJWM;
				INFOPLIST_FILE = DecayCorrect/Info.plist;
				IPHONEOS_DEPLOYMENT_TARGET = 11.2;
				LD_RUNPATH_SEARCH_PATHS = "$(inherited) @executable_path/Frameworks";
				PRODUCT_BUNDLE_IDENTIFIER = ca.glanglois.DecayCorrect;
				PRODUCT_NAME = "$(TARGET_NAME)";
				SWIFT_VERSION = 4.0;
				TARGETED_DEVICE_FAMILY = "1,2";
			};
			name = Debug;
		};
		46BE6B722039340400B07831 /* Release */ = {
			isa = XCBuildConfiguration;
			buildSettings = {
				ASSETCATALOG_COMPILER_APPICON_NAME = AppIcon;
				CODE_SIGN_STYLE = Automatic;
				DEVELOPMENT_TEAM = 552BPGBJWM;
				INFOPLIST_FILE = DecayCorrect/Info.plist;
				IPHONEOS_DEPLOYMENT_TARGET = 11.2;
				LD_RUNPATH_SEARCH_PATHS = "$(inherited) @executable_path/Frameworks";
				PRODUCT_BUNDLE_IDENTIFIER = ca.glanglois.DecayCorrect;
				PRODUCT_NAME = "$(TARGET_NAME)";
				SWIFT_VERSION = 4.0;
				TARGETED_DEVICE_FAMILY = "1,2";
			};
			name = Release;
		};
		46BE6B742039340400B07831 /* Debug */ = {
			isa = XCBuildConfiguration;
			buildSettings = {
				ALWAYS_EMBED_SWIFT_STANDARD_LIBRARIES = YES;
				BUNDLE_LOADER = "$(TEST_HOST)";
				CODE_SIGN_STYLE = Automatic;
				DEVELOPMENT_TEAM = 552BPGBJWM;
				INFOPLIST_FILE = DecayCorrectTests/Info.plist;
				LD_RUNPATH_SEARCH_PATHS = "$(inherited) @executable_path/Frameworks @loader_path/Frameworks";
				PRODUCT_BUNDLE_IDENTIFIER = ca.glanglois.DecayCorrectTests;
				PRODUCT_NAME = "$(TARGET_NAME)";
				SWIFT_VERSION = 4.0;
				TARGETED_DEVICE_FAMILY = "1,2";
				TEST_HOST = "$(BUILT_PRODUCTS_DIR)/DecayCorrect.app/DecayCorrect";
			};
			name = Debug;
		};
		46BE6B752039340400B07831 /* Release */ = {
			isa = XCBuildConfiguration;
			buildSettings = {
				ALWAYS_EMBED_SWIFT_STANDARD_LIBRARIES = YES;
				BUNDLE_LOADER = "$(TEST_HOST)";
				CODE_SIGN_STYLE = Automatic;
				DEVELOPMENT_TEAM = 552BPGBJWM;
				INFOPLIST_FILE = DecayCorrectTests/Info.plist;
				LD_RUNPATH_SEARCH_PATHS = "$(inherited) @executable_path/Frameworks @loader_path/Frameworks";
				PRODUCT_BUNDLE_IDENTIFIER = ca.glanglois.DecayCorrectTests;
				PRODUCT_NAME = "$(TARGET_NAME)";
				SWIFT_VERSION = 4.0;
				TARGETED_DEVICE_FAMILY = "1,2";
				TEST_HOST = "$(BUILT_PRODUCTS_DIR)/DecayCorrect.app/DecayCorrect";
			};
			name = Release;
		};
		46BE6B772039340400B07831 /* Debug */ = {
			isa = XCBuildConfiguration;
			buildSettings = {
				ALWAYS_EMBED_SWIFT_STANDARD_LIBRARIES = YES;
				CODE_SIGN_STYLE = Automatic;
				DEVELOPMENT_TEAM = 552BPGBJWM;
				INFOPLIST_FILE = DecayCorrectUITests/Info.plist;
				LD_RUNPATH_SEARCH_PATHS = "$(inherited) @executable_path/Frameworks @loader_path/Frameworks";
				PRODUCT_BUNDLE_IDENTIFIER = ca.glanglois.DecayCorrectUITests;
				PRODUCT_NAME = "$(TARGET_NAME)";
				SWIFT_VERSION = 4.0;
				TARGETED_DEVICE_FAMILY = "1,2";
				TEST_TARGET_NAME = DecayCorrect;
			};
			name = Debug;
		};
		46BE6B782039340400B07831 /* Release */ = {
			isa = XCBuildConfiguration;
			buildSettings = {
				ALWAYS_EMBED_SWIFT_STANDARD_LIBRARIES = YES;
				CODE_SIGN_STYLE = Automatic;
				DEVELOPMENT_TEAM = 552BPGBJWM;
				INFOPLIST_FILE = DecayCorrectUITests/Info.plist;
				LD_RUNPATH_SEARCH_PATHS = "$(inherited) @executable_path/Frameworks @loader_path/Frameworks";
				PRODUCT_BUNDLE_IDENTIFIER = ca.glanglois.DecayCorrectUITests;
				PRODUCT_NAME = "$(TARGET_NAME)";
				SWIFT_VERSION = 4.0;
				TARGETED_DEVICE_FAMILY = "1,2";
				TEST_TARGET_NAME = DecayCorrect;
			};
			name = Release;
		};
/* End XCBuildConfiguration section */

/* Begin XCConfigurationList section */
		46BE6B402039340400B07831 /* Build configuration list for PBXProject "DecayCorrect" */ = {
			isa = XCConfigurationList;
			buildConfigurations = (
				46BE6B6E2039340400B07831 /* Debug */,
				46BE6B6F2039340400B07831 /* Release */,
			);
			defaultConfigurationIsVisible = 0;
			defaultConfigurationName = Release;
		};
		46BE6B702039340400B07831 /* Build configuration list for PBXNativeTarget "DecayCorrect" */ = {
			isa = XCConfigurationList;
			buildConfigurations = (
				46BE6B712039340400B07831 /* Debug */,
				46BE6B722039340400B07831 /* Release */,
			);
			defaultConfigurationIsVisible = 0;
			defaultConfigurationName = Release;
		};
		46BE6B732039340400B07831 /* Build configuration list for PBXNativeTarget "DecayCorrectTests" */ = {
			isa = XCConfigurationList;
			buildConfigurations = (
				46BE6B742039340400B07831 /* Debug */,
				46BE6B752039340400B07831 /* Release */,
			);
			defaultConfigurationIsVisible = 0;
			defaultConfigurationName = Release;
		};
		46BE6B762039340400B07831 /* Build configuration list for PBXNativeTarget "DecayCorrectUITests" */ = {
			isa = XCConfigurationList;
			buildConfigurations = (
				46BE6B772039340400B07831 /* Debug */,
				46BE6B782039340400B07831 /* Release */,
			);
			defaultConfigurationIsVisible = 0;
			defaultConfigurationName = Release;
		};
/* End XCConfigurationList section */

/* Begin XCVersionGroup section */
		46BE6B4F2039340400B07831 /* DecayCorrect.xcdatamodeld */ = {
			isa = XCVersionGroup;
			children = (
				46BE6B502039340400B07831 /* DecayCorrect.xcdatamodel */,
			);
			currentVersion = 46BE6B502039340400B07831 /* DecayCorrect.xcdatamodel */;
			path = DecayCorrect.xcdatamodeld;
			sourceTree = "<group>";
			versionGroupType = wrapper.xcdatamodel;
		};
/* End XCVersionGroup section */
	};
	rootObject = 46BE6B3D2039340400B07831 /* Project object */;
}
